
Microsoft Visual Studio Solution File, Format Version 12.00
# Visual Studio 15
VisualStudioVersion = 15.0.27004.2005
MinimumVisualStudioVersion = 10.0.40219.1
Project("{FAE04EC0-301F-11D3-BF4B-00C04F79EFBC}") = "PDFScanner", "PDFScanner\PDFScanner.csproj", "{EAF55D45-DD74-4DEA-AE6F-0E0A703AF71F}"
EndProject
Global
	GlobalSection(SolutionConfigurationPlatforms) = preSolution
		Debug|Any CPU = Debug|Any CPU
		Release|Any CPU = Release|Any CPU
	EndGlobalSection
	GlobalSection(ProjectConfigurationPlatforms) = postSolution
		{EAF55D45-DD74-4DEA-AE6F-0E0A703AF71F}.Debug|Any CPU.ActiveCfg = Debug|Any CPU
		{EAF55D45-DD74-4DEA-AE6F-0E0A703AF71F}.Debug|Any CPU.Build.0 = Debug|Any CPU
		{EAF55D45-DD74-4DEA-AE6F-0E0A703AF71F}.Release|Any CPU.ActiveCfg = Release|Any CPU
		{EAF55D45-DD74-4DEA-AE6F-0E0A703AF71F}.Release|Any CPU.Build.0 = Release|Any CPU
	EndGlobalSection
	GlobalSection(SolutionProperties) = preSolution
		HideSolutionNode = FALSE
	EndGlobalSection
	GlobalSection(ExtensibilityGlobals) = postSolution
		SolutionGuid = {327D7F48-F1A8-4E2A-8C00-4A6A7E655D1E}
	EndGlobalSection
EndGlobal
